<?xml version="1.0" encoding="utf-8"?>
<Project ToolsVersion="4.0" xmlns="http://schemas.microsoft.com/developer/msbuild/2003">
  <ItemGroup>
    <Filter Include="Entite">
      <UniqueIdentifier>{8EE9DAB0-7A8B-0587-6346-19DB4F878CD7}</UniqueIdentifier>
    </Filter>
    <Filter Include="Entite\Events">
      <UniqueIdentifier>{B28954BA-1E4A-D0F0-E784-196E530415CD}</UniqueIdentifier>
    </Filter>
  </ItemGroup>
  <ItemGroup>
    <ClInclude Include="src\Entite.h" />
    <ClInclude Include="src\Entite\Application.h">
      <Filter>Entite</Filter>
    </ClInclude>
    <ClInclude Include="src\Entite\Core.h">
      <Filter>Entite</Filter>
    </ClInclude>
    <ClInclude Include="src\Entite\EntryPoint.h">
      <Filter>Entite</Filter>
    </ClInclude>
    <ClInclude Include="src\Entite\Events\ApplicationEvent.h">
      <Filter>Entite\Events</Filter>
    </ClInclude>
    <ClInclude Include="src\Entite\Events\Event.h">
      <Filter>Entite\Events</Filter>
    </ClInclude>
    <ClInclude Include="src\Entite\Events\KeyEvent.h">
      <Filter>Entite\Events</Filter>
    </ClInclude>
    <ClInclude Include="src\Entite\Events\MouseEvent.h">
      <Filter>Entite\Events</Filter>
    </ClInclude>
    <ClInclude Include="src\Entite\Log.h">
      <Filter>Entite</Filter>
    </ClInclude>
  </ItemGroup>
  <ItemGroup>
    <ClCompile Include="src\Entite\Application.cpp">
      <Filter>Entite</Filter>
    </ClCompile>
    <ClCompile Include="src\Entite\Log.cpp">
      <Filter>Entite</Filter>
    </ClCompile>
  </ItemGroup>
</Project>